# This file was autogenerated by Stack.
# You should not edit this file by hand.
# For more information, please see the documentation at:
#   https://docs.haskellstack.org/en/stable/lock_files

packages:
- completed:
    hackage: threepenny-gui-0.9.1.0@sha256:6de1ad00cf383cb8fb5e81bafd5ea2fc2f16e25c5b0b9c39e61c34db67e0c751,9795
    pantry-tree:
      sha256: 5f97119842ce3270c5b60692dde0e3f3dac51ea17bedfc404f838f8d27c6bfd9
      size: 4283
  original:
    hackage: threepenny-gui-0.9.1.0@sha256:6de1ad00cf383cb8fb5e81bafd5ea2fc2f16e25c5b0b9c39e61c34db67e0c751,9795
- completed:
    hackage: snap-core-1.0.5.0@sha256:2b7976ee803c2e0d8d87b2d88b2d4a4d62b062ab2a5dd5c78b78130a2fbd260b,10019
    pantry-tree:
      sha256: 4f018a641e60db5f446d66789f7f5cd47025978271d4e35c265538dc9e4d818d
      size: 3377
  original:
    hackage: snap-core-1.0.5.0@sha256:2b7976ee803c2e0d8d87b2d88b2d4a4d62b062ab2a5dd5c78b78130a2fbd260b,10019
- completed:
    hackage: snap-server-1.1.2.0@sha256:82868c7c34a601d323cd281d7ddf9b6831f2b27cb15870970c0a5a79fcb0fa37,15200
    pantry-tree:
      sha256: 552da1018a89fce01e9e71576b4eaa4b44b0536270e55717a353313b661fce4e
      size: 3313
  original:
    hackage: snap-server-1.1.2.0@sha256:82868c7c34a601d323cd281d7ddf9b6831f2b27cb15870970c0a5a79fcb0fa37,15200
- completed:
    hackage: websockets-snap-0.10.3.1@sha256:89582b7db916e67b6c8192f489e4eafe7488d9f813e349836a2e74fa4388623d,991
    pantry-tree:
      sha256: 1630fc5df984c0fd574e68860bf21e1ea3f60ffc26ed1f3859d4e5411bc1e6d8
      size: 330
  original:
    hackage: websockets-snap-0.10.3.1@sha256:89582b7db916e67b6c8192f489e4eafe7488d9f813e349836a2e74fa4388623d,991
- completed:
    hackage: io-streams-haproxy-1.0.1.0@sha256:2241a754697935e0a11e814affcaa4861b42fe88131f807b586ef48051e28a08,3070
    pantry-tree:
      sha256: e0fd63710948210cda2b5d21bd51eedc43f8813470d015158de8bd03237b1cb9
      size: 589
  original:
    hackage: io-streams-haproxy-1.0.1.0@sha256:2241a754697935e0a11e814affcaa4861b42fe88131f807b586ef48051e28a08,3070
- completed:
    hackage: readable-0.3.1@sha256:ea550740bbee9ae46c6bbf1c5e5185818a1d37509b855c640b0a7f2dfba6dc37,1121
    pantry-tree:
      sha256: a93d2c4e208cf064a8b1e8087d7a8ea77c263115e7ba18f3ef6abe935548faca
      size: 313
  original:
    hackage: readable-0.3.1@sha256:ea550740bbee9ae46c6bbf1c5e5185818a1d37509b855c640b0a7f2dfba6dc37,1121
snapshots:
- completed:
    sha256: 996fc8066f9afdd014102346f5310c33abd1d87dca2f42019ff2ddf6947bfef9
    size: 634325
    url: https://raw.githubusercontent.com/commercialhaskell/stackage-snapshots/master/nightly/2022/9/7.yaml
  original: nightly-2022-09-07
